
Microsoft Visual Studio Solution File, Format Version 12.00
# Visual Studio 2013
VisualStudioVersion = 12.0.40629.0
MinimumVisualStudioVersion = 10.0.40219.1
Project("{FAE04EC0-301F-11D3-BF4B-00C04F79EFBC}") = "01. Shapes", "01. Shapes\01. Shapes.csproj", "{E50DD5B2-CF2B-47D1-BBE2-1E39C008B5AA}"
EndProject
Project("{FAE04EC0-301F-11D3-BF4B-00C04F79EFBC}") = "03. TheSlum", "TheSlum-Skeleton\03. TheSlum.csproj", "{7C6F7F25-2FDB-401F-B1A9-D8CE3BB7308D}"
EndProject
Project("{FAE04EC0-301F-11D3-BF4B-00C04F79EFBC}") = "02. Bank-Of-Kurtovo-Konare", "02. Bank-Of-Kurtovo-Konare\02. Bank-Of-Kurtovo-Konare.csproj", "{2701C07F-065F-46AF-A84C-E1B9372BB9D1}"
EndProject
Global
	GlobalSection(SolutionConfigurationPlatforms) = preSolution
		Debug|Any CPU = Debug|Any CPU
		Release|Any CPU = Release|Any CPU
	EndGlobalSection
	GlobalSection(ProjectConfigurationPlatforms) = postSolution
		{E50DD5B2-CF2B-47D1-BBE2-1E39C008B5AA}.Debug|Any CPU.ActiveCfg = Debug|Any CPU
		{E50DD5B2-CF2B-47D1-BBE2-1E39C008B5AA}.Debug|Any CPU.Build.0 = Debug|Any CPU
		{E50DD5B2-CF2B-47D1-BBE2-1E39C008B5AA}.Release|Any CPU.ActiveCfg = Release|Any CPU
		{E50DD5B2-CF2B-47D1-BBE2-1E39C008B5AA}.Release|Any CPU.Build.0 = Release|Any CPU
		{7C6F7F25-2FDB-401F-B1A9-D8CE3BB7308D}.Debug|Any CPU.ActiveCfg = Debug|Any CPU
		{7C6F7F25-2FDB-401F-B1A9-D8CE3BB7308D}.Debug|Any CPU.Build.0 = Debug|Any CPU
		{7C6F7F25-2FDB-401F-B1A9-D8CE3BB7308D}.Release|Any CPU.ActiveCfg = Release|Any CPU
		{7C6F7F25-2FDB-401F-B1A9-D8CE3BB7308D}.Release|Any CPU.Build.0 = Release|Any CPU
		{2701C07F-065F-46AF-A84C-E1B9372BB9D1}.Debug|Any CPU.ActiveCfg = Debug|Any CPU
		{2701C07F-065F-46AF-A84C-E1B9372BB9D1}.Debug|Any CPU.Build.0 = Debug|Any CPU
		{2701C07F-065F-46AF-A84C-E1B9372BB9D1}.Release|Any CPU.ActiveCfg = Release|Any CPU
		{2701C07F-065F-46AF-A84C-E1B9372BB9D1}.Release|Any CPU.Build.0 = Release|Any CPU
	EndGlobalSection
	GlobalSection(SolutionProperties) = preSolution
		HideSolutionNode = FALSE
	EndGlobalSection
EndGlobal
