
Microsoft Visual Studio Solution File, Format Version 12.00
# Visual Studio 14
VisualStudioVersion = 14.0.24720.0
MinimumVisualStudioVersion = 10.0.40219.1
Project("{FAE04EC0-301F-11D3-BF4B-00C04F79EFBC}") = "ReversedList", "ReversedList\ReversedList.csproj", "{1613153B-9EE5-4B92-A4AD-C521DF081487}"
EndProject
Project("{FAE04EC0-301F-11D3-BF4B-00C04F79EFBC}") = "ReverseList.Tests", "ReverseList.Tests\ReverseList.Tests.csproj", "{5C415D92-171D-4AE7-8DFF-B265A7C7CB0A}"
EndProject
Global
	GlobalSection(SolutionConfigurationPlatforms) = preSolution
		Debug|Any CPU = Debug|Any CPU
		Release|Any CPU = Release|Any CPU
	EndGlobalSection
	GlobalSection(ProjectConfigurationPlatforms) = postSolution
		{1613153B-9EE5-4B92-A4AD-C521DF081487}.Debug|Any CPU.ActiveCfg = Debug|Any CPU
		{1613153B-9EE5-4B92-A4AD-C521DF081487}.Debug|Any CPU.Build.0 = Debug|Any CPU
		{1613153B-9EE5-4B92-A4AD-C521DF081487}.Release|Any CPU.ActiveCfg = Release|Any CPU
		{1613153B-9EE5-4B92-A4AD-C521DF081487}.Release|Any CPU.Build.0 = Release|Any CPU
		{5C415D92-171D-4AE7-8DFF-B265A7C7CB0A}.Debug|Any CPU.ActiveCfg = Debug|Any CPU
		{5C415D92-171D-4AE7-8DFF-B265A7C7CB0A}.Debug|Any CPU.Build.0 = Debug|Any CPU
		{5C415D92-171D-4AE7-8DFF-B265A7C7CB0A}.Release|Any CPU.ActiveCfg = Release|Any CPU
		{5C415D92-171D-4AE7-8DFF-B265A7C7CB0A}.Release|Any CPU.Build.0 = Release|Any CPU
	EndGlobalSection
	GlobalSection(SolutionProperties) = preSolution
		HideSolutionNode = FALSE
	EndGlobalSection
EndGlobal
