
Microsoft Visual Studio Solution File, Format Version 12.00
# Visual Studio 14
VisualStudioVersion = 14.0.24720.0
MinimumVisualStudioVersion = 10.0.40219.1
Project("{FAE04EC0-301F-11D3-BF4B-00C04F79EFBC}") = "LinkedQueue", "LinkedQueue\LinkedQueue.csproj", "{1099F26A-96D9-4601-82CD-851207E46564}"
EndProject
Project("{FAE04EC0-301F-11D3-BF4B-00C04F79EFBC}") = "LinkedQueue.Tests", "LinkedQueue.Tests\LinkedQueue.Tests.csproj", "{7EF25F29-5A38-4405-8396-9D5C64B0A09E}"
EndProject
Global
	GlobalSection(SolutionConfigurationPlatforms) = preSolution
		Debug|Any CPU = Debug|Any CPU
		Release|Any CPU = Release|Any CPU
	EndGlobalSection
	GlobalSection(ProjectConfigurationPlatforms) = postSolution
		{1099F26A-96D9-4601-82CD-851207E46564}.Debug|Any CPU.ActiveCfg = Debug|Any CPU
		{1099F26A-96D9-4601-82CD-851207E46564}.Debug|Any CPU.Build.0 = Debug|Any CPU
		{1099F26A-96D9-4601-82CD-851207E46564}.Release|Any CPU.ActiveCfg = Release|Any CPU
		{1099F26A-96D9-4601-82CD-851207E46564}.Release|Any CPU.Build.0 = Release|Any CPU
		{7EF25F29-5A38-4405-8396-9D5C64B0A09E}.Debug|Any CPU.ActiveCfg = Debug|Any CPU
		{7EF25F29-5A38-4405-8396-9D5C64B0A09E}.Debug|Any CPU.Build.0 = Debug|Any CPU
		{7EF25F29-5A38-4405-8396-9D5C64B0A09E}.Release|Any CPU.ActiveCfg = Release|Any CPU
		{7EF25F29-5A38-4405-8396-9D5C64B0A09E}.Release|Any CPU.Build.0 = Release|Any CPU
	EndGlobalSection
	GlobalSection(SolutionProperties) = preSolution
		HideSolutionNode = FALSE
	EndGlobalSection
EndGlobal
